
Microsoft Visual Studio Solution File, Format Version 12.00
# Visual Studio Version 16
VisualStudioVersion = 16.0.29519.87
MinimumVisualStudioVersion = 10.0.40219.1
Project("{8BC9CEB8-8B4A-11D0-8D11-00A0C91BC942}") = "two way sort - merge", "two way sort - merge.vcxproj", "{E82440CF-7DE1-43A3-80B4-55595F38C0AA}"
EndProject
Global
	GlobalSection(SolutionConfigurationPlatforms) = preSolution
		Debug|x64 = Debug|x64
		Debug|x86 = Debug|x86
		Release|x64 = Release|x64
		Release|x86 = Release|x86
	EndGlobalSection
	GlobalSection(ProjectConfigurationPlatforms) = postSolution
		{E82440CF-7DE1-43A3-80B4-55595F38C0AA}.Debug|x64.ActiveCfg = Debug|x64
		{E82440CF-7DE1-43A3-80B4-55595F38C0AA}.Debug|x64.Build.0 = Debug|x64
		{E82440CF-7DE1-43A3-80B4-55595F38C0AA}.Debug|x86.ActiveCfg = Debug|Win32
		{E82440CF-7DE1-43A3-80B4-55595F38C0AA}.Debug|x86.Build.0 = Debug|Win32
		{E82440CF-7DE1-43A3-80B4-55595F38C0AA}.Release|x64.ActiveCfg = Release|x64
		{E82440CF-7DE1-43A3-80B4-55595F38C0AA}.Release|x64.Build.0 = Release|x64
		{E82440CF-7DE1-43A3-80B4-55595F38C0AA}.Release|x86.ActiveCfg = Release|Win32
		{E82440CF-7DE1-43A3-80B4-55595F38C0AA}.Release|x86.Build.0 = Release|Win32
	EndGlobalSection
	GlobalSection(SolutionProperties) = preSolution
		HideSolutionNode = FALSE
	EndGlobalSection
	GlobalSection(ExtensibilityGlobals) = postSolution
		SolutionGuid = {2DF7E752-8AFB-48D3-98AC-ECDDA4A6D0E3}
	EndGlobalSection
EndGlobal
